
Microsoft Visual Studio Solution File, Format Version 12.00
# Visual Studio Version 17
VisualStudioVersion = 17.13.35828.75
MinimumVisualStudioVersion = 10.0.40219.1
Project("{FAE04EC0-301F-11D3-BF4B-00C04F79EFBC}") = "SimpleClient", "SimpleClient\SimpleClient.csproj", "{0CD8E41A-EC08-CE48-4793-4FDE82A87CF0}"
EndProject
Project("{FAE04EC0-301F-11D3-BF4B-00C04F79EFBC}") = "SimpleHost", "SimpleHost\SimpleHost.csproj", "{87C29E6C-B59E-43D4-907E-EE7A2EDCBFCD}"
EndProject
Project("{FAE04EC0-301F-11D3-BF4B-00C04F79EFBC}") = "JankenHost1", "JankenHost1\JankenHost1.csproj", "{E6DED8C5-EB65-4D1C-A008-52F0B2AA326A}"
EndProject
Project("{FAE04EC0-301F-11D3-BF4B-00C04F79EFBC}") = "JankenClient1", "JankenClient1\JankenClient1.csproj", "{54358641-21D1-4360-8257-136DCD361679}"
EndProject
Project("{FAE04EC0-301F-11D3-BF4B-00C04F79EFBC}") = "JankenRoom", "JankenRoom\JankenRoom.csproj", "{63AFDB75-0558-41EB-99A6-3D79B477B613}"
EndProject
Global
	GlobalSection(SolutionConfigurationPlatforms) = preSolution
		Debug|Any CPU = Debug|Any CPU
		Release|Any CPU = Release|Any CPU
	EndGlobalSection
	GlobalSection(ProjectConfigurationPlatforms) = postSolution
		{0CD8E41A-EC08-CE48-4793-4FDE82A87CF0}.Debug|Any CPU.ActiveCfg = Debug|Any CPU
		{0CD8E41A-EC08-CE48-4793-4FDE82A87CF0}.Debug|Any CPU.Build.0 = Debug|Any CPU
		{0CD8E41A-EC08-CE48-4793-4FDE82A87CF0}.Release|Any CPU.ActiveCfg = Release|Any CPU
		{0CD8E41A-EC08-CE48-4793-4FDE82A87CF0}.Release|Any CPU.Build.0 = Release|Any CPU
		{87C29E6C-B59E-43D4-907E-EE7A2EDCBFCD}.Debug|Any CPU.ActiveCfg = Debug|Any CPU
		{87C29E6C-B59E-43D4-907E-EE7A2EDCBFCD}.Debug|Any CPU.Build.0 = Debug|Any CPU
		{87C29E6C-B59E-43D4-907E-EE7A2EDCBFCD}.Release|Any CPU.ActiveCfg = Release|Any CPU
		{87C29E6C-B59E-43D4-907E-EE7A2EDCBFCD}.Release|Any CPU.Build.0 = Release|Any CPU
		{E6DED8C5-EB65-4D1C-A008-52F0B2AA326A}.Debug|Any CPU.ActiveCfg = Debug|Any CPU
		{E6DED8C5-EB65-4D1C-A008-52F0B2AA326A}.Debug|Any CPU.Build.0 = Debug|Any CPU
		{E6DED8C5-EB65-4D1C-A008-52F0B2AA326A}.Release|Any CPU.ActiveCfg = Release|Any CPU
		{E6DED8C5-EB65-4D1C-A008-52F0B2AA326A}.Release|Any CPU.Build.0 = Release|Any CPU
		{54358641-21D1-4360-8257-136DCD361679}.Debug|Any CPU.ActiveCfg = Debug|Any CPU
		{54358641-21D1-4360-8257-136DCD361679}.Debug|Any CPU.Build.0 = Debug|Any CPU
		{54358641-21D1-4360-8257-136DCD361679}.Release|Any CPU.ActiveCfg = Release|Any CPU
		{54358641-21D1-4360-8257-136DCD361679}.Release|Any CPU.Build.0 = Release|Any CPU
		{63AFDB75-0558-41EB-99A6-3D79B477B613}.Debug|Any CPU.ActiveCfg = Debug|Any CPU
		{63AFDB75-0558-41EB-99A6-3D79B477B613}.Debug|Any CPU.Build.0 = Debug|Any CPU
		{63AFDB75-0558-41EB-99A6-3D79B477B613}.Release|Any CPU.ActiveCfg = Release|Any CPU
		{63AFDB75-0558-41EB-99A6-3D79B477B613}.Release|Any CPU.Build.0 = Release|Any CPU
	EndGlobalSection
	GlobalSection(SolutionProperties) = preSolution
		HideSolutionNode = FALSE
	EndGlobalSection
	GlobalSection(ExtensibilityGlobals) = postSolution
		SolutionGuid = {A836A3FD-4BAD-4863-8F05-4A0D19E5B24D}
	EndGlobalSection
EndGlobal
